
Microsoft Visual Studio Solution File, Format Version 12.00
# Visual Studio Version 17
VisualStudioVersion = 17.12.35707.178
MinimumVisualStudioVersion = 10.0.40219.1
Project("{8BC9CEB8-8B4A-11D0-8D11-00A0C91BC942}") = "Encryption", "Project1.vcxproj", "{E97F1032-D936-42C0-A8C8-FE92F07CDD71}"
EndProject
Project("{8BC9CEB8-8B4A-11D0-8D11-00A0C91BC942}") = "Decryption", "Decryption\Decryption.vcxproj", "{24601D96-D720-4D60-9F95-E1D5264E4370}"
EndProject
Global
	GlobalSection(SolutionConfigurationPlatforms) = preSolution
		Debug|x64 = Debug|x64
		Debug|x86 = Debug|x86
		Release|x64 = Release|x64
		Release|x86 = Release|x86
	EndGlobalSection
	GlobalSection(ProjectConfigurationPlatforms) = postSolution
		{E97F1032-D936-42C0-A8C8-FE92F07CDD71}.Debug|x64.ActiveCfg = Debug|x64
		{E97F1032-D936-42C0-A8C8-FE92F07CDD71}.Debug|x64.Build.0 = Debug|x64
		{E97F1032-D936-42C0-A8C8-FE92F07CDD71}.Debug|x86.ActiveCfg = Debug|Win32
		{E97F1032-D936-42C0-A8C8-FE92F07CDD71}.Debug|x86.Build.0 = Debug|Win32
		{E97F1032-D936-42C0-A8C8-FE92F07CDD71}.Release|x64.ActiveCfg = Release|x64
		{E97F1032-D936-42C0-A8C8-FE92F07CDD71}.Release|x64.Build.0 = Release|x64
		{E97F1032-D936-42C0-A8C8-FE92F07CDD71}.Release|x86.ActiveCfg = Release|Win32
		{E97F1032-D936-42C0-A8C8-FE92F07CDD71}.Release|x86.Build.0 = Release|Win32
		{24601D96-D720-4D60-9F95-E1D5264E4370}.Debug|x64.ActiveCfg = Debug|x64
		{24601D96-D720-4D60-9F95-E1D5264E4370}.Debug|x64.Build.0 = Debug|x64
		{24601D96-D720-4D60-9F95-E1D5264E4370}.Debug|x86.ActiveCfg = Debug|Win32
		{24601D96-D720-4D60-9F95-E1D5264E4370}.Debug|x86.Build.0 = Debug|Win32
		{24601D96-D720-4D60-9F95-E1D5264E4370}.Release|x64.ActiveCfg = Release|x64
		{24601D96-D720-4D60-9F95-E1D5264E4370}.Release|x64.Build.0 = Release|x64
		{24601D96-D720-4D60-9F95-E1D5264E4370}.Release|x86.ActiveCfg = Release|Win32
		{24601D96-D720-4D60-9F95-E1D5264E4370}.Release|x86.Build.0 = Release|Win32
	EndGlobalSection
	GlobalSection(SolutionProperties) = preSolution
		HideSolutionNode = FALSE
	EndGlobalSection
EndGlobal
